// !$*UTF8*$!
{
	archiveVersion = 1;
	classes = {
	};
	objectVersion = 50;
	objects = {

/* Begin PBXBuildFile section */
		6761EAA42670F38A00CE4A78 /* UI_229App.swift in Sources */ = {isa = PBXBuildFile; fileRef = 6761EAA32670F38A00CE4A78 /* UI_229App.swift */; };
		6761EAA62670F38A00CE4A78 /* ContentView.swift in Sources */ = {isa = PBXBuildFile; fileRef = 6761EAA52670F38A00CE4A78 /* ContentView.swift */; };
		6761EAA82670F38B00CE4A78 /* Assets.xcassets in Resources */ = {isa = PBXBuildFile; fileRef = 6761EAA72670F38B00CE4A78 /* Assets.xcassets */; };
		6761EAAB2670F38B00CE4A78 /* Preview Assets.xcassets in Resources */ = {isa = PBXBuildFile; fileRef = 6761EAAA2670F38B00CE4A78 /* Preview Assets.xcassets */; };
		6761EAB62670F38B00CE4A78 /* UI_229Tests.swift in Sources */ = {isa = PBXBuildFile; fileRef = 6761EAB52670F38B00CE4A78 /* UI_229Tests.swift */; };
		6761EAC12670F38B00CE4A78 /* UI_229UITests.swift in Sources */ = {isa = PBXBuildFile; fileRef = 6761EAC02670F38B00CE4A78 /* UI_229UITests.swift */; };
/* End PBXBuildFile section */

/* Begin PBXContainerItemProxy section */
		6761EAB22670F38B00CE4A78 /* PBXContainerItemProxy */ = {
			isa = PBXContainerItemProxy;
			containerPortal = 6761EA982670F38A00CE4A78 /* Project object */;
			proxyType = 1;
			remoteGlobalIDString = 6761EA9F2670F38A00CE4A78;
			remoteInfo = "UI-229";
		};
		6761EABD2670F38B00CE4A78 /* PBXContainerItemProxy */ = {
			isa = PBXContainerItemProxy;
			containerPortal = 6761EA982670F38A00CE4A78 /* Project object */;
			proxyType = 1;
			remoteGlobalIDString = 6761EA9F2670F38A00CE4A78;
			remoteInfo = "UI-229";
		};
/* End PBXContainerItemProxy section */

/* Begin PBXFileReference section */
		6761EAA02670F38A00CE4A78 /* UI-229.app */ = {isa = PBXFileReference; explicitFileType = wrapper.application; includeInIndex = 0; path = "UI-229.app"; sourceTree = BUILT_PRODUCTS_DIR; };
		6761EAA32670F38A00CE4A78 /* UI_229App.swift */ = {isa = PBXFileReference; lastKnownFileType = sourcecode.swift; path = UI_229App.swift; sourceTree = "<group>"; };
		6761EAA52670F38A00CE4A78 /* ContentView.swift */ = {isa = PBXFileReference; lastKnownFileType = sourcecode.swift; path = ContentView.swift; sourceTree = "<group>"; };
		6761EAA72670F38B00CE4A78 /* Assets.xcassets */ = {isa = PBXFileReference; lastKnownFileType = folder.assetcatalog; path = Assets.xcassets; sourceTree = "<group>"; };
		6761EAAA2670F38B00CE4A78 /* Preview Assets.xcassets */ = {isa = PBXFileReference; lastKnownFileType = folder.assetcatalog; path = "Preview Assets.xcassets"; sourceTree = "<group>"; };
		6761EAAC2670F38B00CE4A78 /* Info.plist */ = {isa = PBXFileReference; lastKnownFileType = text.plist.xml; path = Info.plist; sourceTree = "<group>"; };
		6761EAB12670F38B00CE4A78 /* UI-229Tests.xctest */ = {isa = PBXFileReference; explicitFileType = wrapper.cfbundle; includeInIndex = 0; path = "UI-229Tests.xctest"; sourceTree = BUILT_PRODUCTS_DIR; };
		6761EAB52670F38B00CE4A78 /* UI_229Tests.swift */ = {isa = PBXFileReference; lastKnownFileType = sourcecode.swift; path = UI_229Tests.swift; sourceTree = "<group>"; };
		6761EAB72670F38B00CE4A78 /* Info.plist */ = {isa = PBXFileReference; lastKnownFileType = text.plist.xml; path = Info.plist; sourceTree = "<group>"; };
		6761EABC2670F38B00CE4A78 /* UI-229UITests.xctest */ = {isa = PBXFileReference; explicitFileType = wrapper.cfbundle; includeInIndex = 0; path = "UI-229UITests.xctest"; sourceTree = BUILT_PRODUCTS_DIR; };
		6761EAC02670F38B00CE4A78 /* UI_229UITests.swift */ = {isa = PBXFileReference; lastKnownFileType = sourcecode.swift; path = UI_229UITests.swift; sourceTree = "<group>"; };
		6761EAC22670F38B00CE4A78 /* Info.plist */ = {isa = PBXFileReference; lastKnownFileType = text.plist.xml; path = Info.plist; sourceTree = "<group>"; };
/* End PBXFileReference section */

/* Begin PBXFrameworksBuildPhase section */
		6761EA9D2670F38A00CE4A78 /* Frameworks */ = {
			isa = PBXFrameworksBuildPhase;
			buildActionMask = 2147483647;
			files = (
			);
			runOnlyForDeploymentPostprocessing = 0;
		};
		6761EAAE2670F38B00CE4A78 /* Frameworks */ = {
			isa = PBXFrameworksBuildPhase;
			buildActionMask = 2147483647;
			files = (
			);
			runOnlyForDeploymentPostprocessing = 0;
		};
		6761EAB92670F38B00CE4A78 /* Frameworks */ = {
			isa = PBXFrameworksBuildPhase;
			buildActionMask = 2147483647;
			files = (
			);
			runOnlyForDeploymentPostprocessing = 0;
		};
/* End PBXFrameworksBuildPhase section */

/* Begin PBXGroup section */
		6761EA972670F38A00CE4A78 = {
			isa = PBXGroup;
			children = (
				6761EAA22670F38A00CE4A78 /* UI-229 */,
				6761EAB42670F38B00CE4A78 /* UI-229Tests */,
				6761EABF2670F38B00CE4A78 /* UI-229UITests */,
				6761EAA12670F38A00CE4A78 /* Products */,
			);
			sourceTree = "<group>";
		};
		6761EAA12670F38A00CE4A78 /* Products */ = {
			isa = PBXGroup;
			children = (
				6761EAA02670F38A00CE4A78 /* UI-229.app */,
				6761EAB12670F38B00CE4A78 /* UI-229Tests.xctest */,
				6761EABC2670F38B00CE4A78 /* UI-229UITests.xctest */,
			);
			name = Products;
			sourceTree = "<group>";
		};
		6761EAA22670F38A00CE4A78 /* UI-229 */ = {
			isa = PBXGroup;
			children = (
				6761EAA32670F38A00CE4A78 /* UI_229App.swift */,
				6761EAA52670F38A00CE4A78 /* ContentView.swift */,
				6761EAA72670F38B00CE4A78 /* Assets.xcassets */,
				6761EAAC2670F38B00CE4A78 /* Info.plist */,
				6761EAA92670F38B00CE4A78 /* Preview Content */,
			);
			path = "UI-229";
			sourceTree = "<group>";
		};
		6761EAA92670F38B00CE4A78 /* Preview Content */ = {
			isa = PBXGroup;
			children = (
				6761EAAA2670F38B00CE4A78 /* Preview Assets.xcassets */,
			);
			path = "Preview Content";
			sourceTree = "<group>";
		};
		6761EAB42670F38B00CE4A78 /* UI-229Tests */ = {
			isa = PBXGroup;
			children = (
				6761EAB52670F38B00CE4A78 /* UI_229Tests.swift */,
				6761EAB72670F38B00CE4A78 /* Info.plist */,
			);
			path = "UI-229Tests";
			sourceTree = "<group>";
		};
		6761EABF2670F38B00CE4A78 /* UI-229UITests */ = {
			isa = PBXGroup;
			children = (
				6761EAC02670F38B00CE4A78 /* UI_229UITests.swift */,
				6761EAC22670F38B00CE4A78 /* Info.plist */,
			);
			path = "UI-229UITests";
			sourceTree = "<group>";
		};
/* End PBXGroup section */

/* Begin PBXNativeTarget section */
		6761EA9F2670F38A00CE4A78 /* UI-229 */ = {
			isa = PBXNativeTarget;
			buildConfigurationList = 6761EAC52670F38B00CE4A78 /* Build configuration list for PBXNativeTarget "UI-229" */;
			buildPhases = (
				6761EA9C2670F38A00CE4A78 /* Sources */,
				6761EA9D2670F38A00CE4A78 /* Frameworks */,
				6761EA9E2670F38A00CE4A78 /* Resources */,
			);
			buildRules = (
			);
			dependencies = (
			);
			name = "UI-229";
			productName = "UI-229";
			productReference = 6761EAA02670F38A00CE4A78 /* UI-229.app */;
			productType = "com.apple.product-type.application";
		};
		6761EAB02670F38B00CE4A78 /* UI-229Tests */ = {
			isa = PBXNativeTarget;
			buildConfigurationList = 6761EAC82670F38B00CE4A78 /* Build configuration list for PBXNativeTarget "UI-229Tests" */;
			buildPhases = (
				6761EAAD2670F38B00CE4A78 /* Sources */,
				6761EAAE2670F38B00CE4A78 /* Frameworks */,
				6761EAAF2670F38B00CE4A78 /* Resources */,
			);
			buildRules = (
			);
			dependencies = (
				6761EAB32670F38B00CE4A78 /* PBXTargetDependency */,
			);
			name = "UI-229Tests";
			productName = "UI-229Tests";
			productReference = 6761EAB12670F38B00CE4A78 /* UI-229Tests.xctest */;
			productType = "com.apple.product-type.bundle.unit-test";
		};
		6761EABB2670F38B00CE4A78 /* UI-229UITests */ = {
			isa = PBXNativeTarget;
			buildConfigurationList = 6761EACB2670F38B00CE4A78 /* Build configuration list for PBXNativeTarget "UI-229UITests" */;
			buildPhases = (
				6761EAB82670F38B00CE4A78 /* Sources */,
				6761EAB92670F38B00CE4A78 /* Frameworks */,
				6761EABA2670F38B00CE4A78 /* Resources */,
			);
			buildRules = (
			);
			dependencies = (
				6761EABE2670F38B00CE4A78 /* PBXTargetDependency */,
			);
			name = "UI-229UITests";
			productName = "UI-229UITests";
			productReference = 6761EABC2670F38B00CE4A78 /* UI-229UITests.xctest */;
			productType = "com.apple.product-type.bundle.ui-testing";
		};
/* End PBXNativeTarget section */

/* Begin PBXProject section */
		6761EA982670F38A00CE4A78 /* Project object */ = {
			isa = PBXProject;
			attributes = {
				LastSwiftUpdateCheck = 1250;
				LastUpgradeCheck = 1250;
				TargetAttributes = {
					6761EA9F2670F38A00CE4A78 = {
						CreatedOnToolsVersion = 12.5;
					};
					6761EAB02670F38B00CE4A78 = {
						CreatedOnToolsVersion = 12.5;
						TestTargetID = 6761EA9F2670F38A00CE4A78;
					};
					6761EABB2670F38B00CE4A78 = {
						CreatedOnToolsVersion = 12.5;
						TestTargetID = 6761EA9F2670F38A00CE4A78;
					};
				};
			};
			buildConfigurationList = 6761EA9B2670F38A00CE4A78 /* Build configuration list for PBXProject "UI-229" */;
			compatibilityVersion = "Xcode 9.3";
			developmentRegion = en;
			hasScannedForEncodings = 0;
			knownRegions = (
				en,
				Base,
			);
			mainGroup = 6761EA972670F38A00CE4A78;
			productRefGroup = 6761EAA12670F38A00CE4A78 /* Products */;
			projectDirPath = "";
			projectRoot = "";
			targets = (
				6761EA9F2670F38A00CE4A78 /* UI-229 */,
				6761EAB02670F38B00CE4A78 /* UI-229Tests */,
				6761EABB2670F38B00CE4A78 /* UI-229UITests */,
			);
		};
/* End PBXProject section */

/* Begin PBXResourcesBuildPhase section */
		6761EA9E2670F38A00CE4A78 /* Resources */ = {
			isa = PBXResourcesBuildPhase;
			buildActionMask = 2147483647;
			files = (
				6761EAAB2670F38B00CE4A78 /* Preview Assets.xcassets in Resources */,
				6761EAA82670F38B00CE4A78 /* Assets.xcassets in Resources */,
			);
			runOnlyForDeploymentPostprocessing = 0;
		};
		6761EAAF2670F38B00CE4A78 /* Resources */ = {
			isa = PBXResourcesBuildPhase;
			buildActionMask = 2147483647;
			files = (
			);
			runOnlyForDeploymentPostprocessing = 0;
		};
		6761EABA2670F38B00CE4A78 /* Resources */ = {
			isa = PBXResourcesBuildPhase;
			buildActionMask = 2147483647;
			files = (
			);
			runOnlyForDeploymentPostprocessing = 0;
		};
/* End PBXResourcesBuildPhase section */

/* Begin PBXSourcesBuildPhase section */
		6761EA9C2670F38A00CE4A78 /* Sources */ = {
			isa = PBXSourcesBuildPhase;
			buildActionMask = 2147483647;
			files = (
				6761EAA62670F38A00CE4A78 /* ContentView.swift in Sources */,
				6761EAA42670F38A00CE4A78 /* UI_229App.swift in Sources */,
			);
			runOnlyForDeploymentPostprocessing = 0;
		};
		6761EAAD2670F38B00CE4A78 /* Sources */ = {
			isa = PBXSourcesBuildPhase;
			buildActionMask = 2147483647;
			files = (
				6761EAB62670F38B00CE4A78 /* UI_229Tests.swift in Sources */,
			);
			runOnlyForDeploymentPostprocessing = 0;
		};
		6761EAB82670F38B00CE4A78 /* Sources */ = {
			isa = PBXSourcesBuildPhase;
			buildActionMask = 2147483647;
			files = (
				6761EAC12670F38B00CE4A78 /* UI_229UITests.swift in Sources */,
			);
			runOnlyForDeploymentPostprocessing = 0;
		};
/* End PBXSourcesBuildPhase section */

/* Begin PBXTargetDependency section */
		6761EAB32670F38B00CE4A78 /* PBXTargetDependency */ = {
			isa = PBXTargetDependency;
			target = 6761EA9F2670F38A00CE4A78 /* UI-229 */;
			targetProxy = 6761EAB22670F38B00CE4A78 /* PBXContainerItemProxy */;
		};
		6761EABE2670F38B00CE4A78 /* PBXTargetDependency */ = {
			isa = PBXTargetDependency;
			target = 6761EA9F2670F38A00CE4A78 /* UI-229 */;
			targetProxy = 6761EABD2670F38B00CE4A78 /* PBXContainerItemProxy */;
		};
/* End PBXTargetDependency section */

/* Begin XCBuildConfiguration section */
		6761EAC32670F38B00CE4A78 /* Debug */ = {
			isa = XCBuildConfiguration;
			buildSettings = {
				ALWAYS_SEARCH_USER_PATHS = NO;
				CLANG_ANALYZER_NONNULL = YES;
				CLANG_ANALYZER_NUMBER_OBJECT_CONVERSION = YES_AGGRESSIVE;
				CLANG_CXX_LANGUAGE_STANDARD = "gnu++14";
				CLANG_CXX_LIBRARY = "libc++";
				CLANG_ENABLE_MODULES = YES;
				CLANG_ENABLE_OBJC_ARC = YES;
				CLANG_ENABLE_OBJC_WEAK = YES;
				CLANG_WARN_BLOCK_CAPTURE_AUTORELEASING = YES;
				CLANG_WARN_BOOL_CONVERSION = YES;
				CLANG_WARN_COMMA = YES;
				CLANG_WARN_CONSTANT_CONVERSION = YES;
				CLANG_WARN_DEPRECATED_OBJC_IMPLEMENTATIONS = YES;
				CLANG_WARN_DIRECT_OBJC_ISA_USAGE = YES_ERROR;
				CLANG_WARN_DOCUMENTATION_COMMENTS = YES;
				CLANG_WARN_EMPTY_BODY = YES;
				CLANG_WARN_ENUM_CONVERSION = YES;
				CLANG_WARN_INFINITE_RECURSION = YES;
				CLANG_WARN_INT_CONVERSION = YES;
				CLANG_WARN_NON_LITERAL_NULL_CONVERSION = YES;
				CLANG_WARN_OBJC_IMPLICIT_RETAIN_SELF = YES;
				CLANG_WARN_OBJC_LITERAL_CONVERSION = YES;
				CLANG_WARN_OBJC_ROOT_CLASS = YES_ERROR;
				CLANG_WARN_QUOTED_INCLUDE_IN_FRAMEWORK_HEADER = YES;
				CLANG_WARN_RANGE_LOOP_ANALYSIS = YES;
				CLANG_WARN_STRICT_PROTOTYPES = YES;
				CLANG_WARN_SUSPICIOUS_MOVE = YES;
				CLANG_WARN_UNGUARDED_AVAILABILITY = YES_AGGRESSIVE;
				CLANG_WARN_UNREACHABLE_CODE = YES;
				CLANG_WARN__DUPLICATE_METHOD_MATCH = YES;
				COPY_PHASE_STRIP = NO;
				DEBUG_INFORMATION_FORMAT = dwarf;
				ENABLE_STRICT_OBJC_MSGSEND = YES;
				ENABLE_TESTABILITY = YES;
				GCC_C_LANGUAGE_STANDARD = gnu11;
				GCC_DYNAMIC_NO_PIC = NO;
				GCC_NO_COMMON_BLOCKS = YES;
				GCC_OPTIMIZATION_LEVEL = 0;
				GCC_PREPROCESSOR_DEFINITIONS = (
					"DEBUG=1",
					"$(inherited)",
				);
				GCC_WARN_64_TO_32_BIT_CONVERSION = YES;
				GCC_WARN_ABOUT_RETURN_TYPE = YES_ERROR;
				GCC_WARN_UNDECLARED_SELECTOR = YES;
				GCC_WARN_UNINITIALIZED_AUTOS = YES_AGGRESSIVE;
				GCC_WARN_UNUSED_FUNCTION = YES;
				GCC_WARN_UNUSED_VARIABLE = YES;
				IPHONEOS_DEPLOYMENT_TARGET = 14.5;
				MTL_ENABLE_DEBUG_INFO = INCLUDE_SOURCE;
				MTL_FAST_MATH = YES;
				ONLY_ACTIVE_ARCH = YES;
				SDKROOT = iphoneos;
				SWIFT_ACTIVE_COMPILATION_CONDITIONS = DEBUG;
				SWIFT_OPTIMIZATION_LEVEL = "-Onone";
			};
			name = Debug;
		};
		6761EAC42670F38B00CE4A78 /* Release */ = {
			isa = XCBuildConfiguration;
			buildSettings = {
				ALWAYS_SEARCH_USER_PATHS = NO;
				CLANG_ANALYZER_NONNULL = YES;
				CLANG_ANALYZER_NUMBER_OBJECT_CONVERSION = YES_AGGRESSIVE;
				CLANG_CXX_LANGUAGE_STANDARD = "gnu++14";
				CLANG_CXX_LIBRARY = "libc++";
				CLANG_ENABLE_MODULES = YES;
				CLANG_ENABLE_OBJC_ARC = YES;
				CLANG_ENABLE_OBJC_WEAK = YES;
				CLANG_WARN_BLOCK_CAPTURE_AUTORELEASING = YES;
				CLANG_WARN_BOOL_CONVERSION = YES;
				CLANG_WARN_COMMA = YES;
				CLANG_WARN_CONSTANT_CONVERSION = YES;
				CLANG_WARN_DEPRECATED_OBJC_IMPLEMENTATIONS = YES;
				CLANG_WARN_DIRECT_OBJC_ISA_USAGE = YES_ERROR;
				CLANG_WARN_DOCUMENTATION_COMMENTS = YES;
				CLANG_WARN_EMPTY_BODY = YES;
				CLANG_WARN_ENUM_CONVERSION = YES;
				CLANG_WARN_INFINITE_RECURSION = YES;
				CLANG_WARN_INT_CONVERSION = YES;
				CLANG_WARN_NON_LITERAL_NULL_CONVERSION = YES;
				CLANG_WARN_OBJC_IMPLICIT_RETAIN_SELF = YES;
				CLANG_WARN_OBJC_LITERAL_CONVERSION = YES;
				CLANG_WARN_OBJC_ROOT_CLASS = YES_ERROR;
				CLANG_WARN_QUOTED_INCLUDE_IN_FRAMEWORK_HEADER = YES;
				CLANG_WARN_RANGE_LOOP_ANALYSIS = YES;
				CLANG_WARN_STRICT_PROTOTYPES = YES;
				CLANG_WARN_SUSPICIOUS_MOVE = YES;
				CLANG_WARN_UNGUARDED_AVAILABILITY = YES_AGGRESSIVE;
				CLANG_WARN_UNREACHABLE_CODE = YES;
				CLANG_WARN__DUPLICATE_METHOD_MATCH = YES;
				COPY_PHASE_STRIP = NO;
				DEBUG_INFORMATION_FORMAT = "dwarf-with-dsym";
				ENABLE_NS_ASSERTIONS = NO;
				ENABLE_STRICT_OBJC_MSGSEND = YES;
				GCC_C_LANGUAGE_STANDARD = gnu11;
				GCC_NO_COMMON_BLOCKS = YES;
				GCC_WARN_64_TO_32_BIT_CONVERSION = YES;
				GCC_WARN_ABOUT_RETURN_TYPE = YES_ERROR;
				GCC_WARN_UNDECLARED_SELECTOR = YES;
				GCC_WARN_UNINITIALIZED_AUTOS = YES_AGGRESSIVE;
				GCC_WARN_UNUSED_FUNCTION = YES;
				GCC_WARN_UNUSED_VARIABLE = YES;
				IPHONEOS_DEPLOYMENT_TARGET = 14.5;
				MTL_ENABLE_DEBUG_INFO = NO;
				MTL_FAST_MATH = YES;
				SDKROOT = iphoneos;
				SWIFT_COMPILATION_MODE = wholemodule;
				SWIFT_OPTIMIZATION_LEVEL = "-O";
				VALIDATE_PRODUCT = YES;
			};
			name = Release;
		};
		6761EAC62670F38B00CE4A78 /* Debug */ = {
			isa = XCBuildConfiguration;
			buildSettings = {
				ASSETCATALOG_COMPILER_APPICON_NAME = AppIcon;
				ASSETCATALOG_COMPILER_GLOBAL_ACCENT_COLOR_NAME = AccentColor;
				CODE_SIGN_STYLE = Automatic;
				DEVELOPMENT_ASSET_PATHS = "\"UI-229/Preview Content\"";
				ENABLE_PREVIEWS = YES;
				INFOPLIST_FILE = "UI-229/Info.plist";
				IPHONEOS_DEPLOYMENT_TARGET = 14.0;
				LD_RUNPATH_SEARCH_PATHS = (
					"$(inherited)",
					"@executable_path/Frameworks",
				);
				PRODUCT_BUNDLE_IDENTIFIER = "com.uzu.UI-229";
				PRODUCT_NAME = "$(TARGET_NAME)";
				SWIFT_VERSION = 5.0;
				TARGETED_DEVICE_FAMILY = "1,2";
			};
			name = Debug;
		};
		6761EAC72670F38B00CE4A78 /* Release */ = {
			isa = XCBuildConfiguration;
			buildSettings = {
				ASSETCATALOG_COMPILER_APPICON_NAME = AppIcon;
				ASSETCATALOG_COMPILER_GLOBAL_ACCENT_COLOR_NAME = AccentColor;
				CODE_SIGN_STYLE = Automatic;
				DEVELOPMENT_ASSET_PATHS = "\"UI-229/Preview Content\"";
				ENABLE_PREVIEWS = YES;
				INFOPLIST_FILE = "UI-229/Info.plist";
				IPHONEOS_DEPLOYMENT_TARGET = 14.0;
				LD_RUNPATH_SEARCH_PATHS = (
					"$(inherited)",
					"@executable_path/Frameworks",
				);
				PRODUCT_BUNDLE_IDENTIFIER = "com.uzu.UI-229";
				PRODUCT_NAME = "$(TARGET_NAME)";
				SWIFT_VERSION = 5.0;
				TARGETED_DEVICE_FAMILY = "1,2";
			};
			name = Release;
		};
		6761EAC92670F38B00CE4A78 /* Debug */ = {
			isa = XCBuildConfiguration;
			buildSettings = {
				ALWAYS_EMBED_SWIFT_STANDARD_LIBRARIES = YES;
				BUNDLE_LOADER = "$(TEST_HOST)";
				CODE_SIGN_STYLE = Automatic;
				INFOPLIST_FILE = "UI-229Tests/Info.plist";
				IPHONEOS_DEPLOYMENT_TARGET = 14.0;
				LD_RUNPATH_SEARCH_PATHS = (
					"$(inherited)",
					"@executable_path/Frameworks",
					"@loader_path/Frameworks",
				);
				PRODUCT_BUNDLE_IDENTIFIER = "com.uzu.UI-229Tests";
				PRODUCT_NAME = "$(TARGET_NAME)";
				SWIFT_VERSION = 5.0;
				TARGETED_DEVICE_FAMILY = "1,2";
				TEST_HOST = "$(BUILT_PRODUCTS_DIR)/UI-229.app/UI-229";
			};
			name = Debug;
		};
		6761EACA2670F38B00CE4A78 /* Release */ = {
			isa = XCBuildConfiguration;
			buildSettings = {
				ALWAYS_EMBED_SWIFT_STANDARD_LIBRARIES = YES;
				BUNDLE_LOADER = "$(TEST_HOST)";
				CODE_SIGN_STYLE = Automatic;
				INFOPLIST_FILE = "UI-229Tests/Info.plist";
				IPHONEOS_DEPLOYMENT_TARGET = 14.0;
				LD_RUNPATH_SEARCH_PATHS = (
					"$(inherited)",
					"@executable_path/Frameworks",
					"@loader_path/Frameworks",
				);
				PRODUCT_BUNDLE_IDENTIFIER = "com.uzu.UI-229Tests";
				PRODUCT_NAME = "$(TARGET_NAME)";
				SWIFT_VERSION = 5.0;
				TARGETED_DEVICE_FAMILY = "1,2";
				TEST_HOST = "$(BUILT_PRODUCTS_DIR)/UI-229.app/UI-229";
			};
			name = Release;
		};
		6761EACC2670F38B00CE4A78 /* Debug */ = {
			isa = XCBuildConfiguration;
			buildSettings = {
				ALWAYS_EMBED_SWIFT_STANDARD_LIBRARIES = YES;
				CODE_SIGN_STYLE = Automatic;
				INFOPLIST_FILE = "UI-229UITests/Info.plist";
				LD_RUNPATH_SEARCH_PATHS = (
					"$(inherited)",
					"@executable_path/Frameworks",
					"@loader_path/Frameworks",
				);
				PRODUCT_BUNDLE_IDENTIFIER = "com.uzu.UI-229UITests";
				PRODUCT_NAME = "$(TARGET_NAME)";
				SWIFT_VERSION = 5.0;
				TARGETED_DEVICE_FAMILY = "1,2";
				TEST_TARGET_NAME = "UI-229";
			};
			name = Debug;
		};
		6761EACD2670F38B00CE4A78 /* Release */ = {
			isa = XCBuildConfiguration;
			buildSettings = {
				ALWAYS_EMBED_SWIFT_STANDARD_LIBRARIES = YES;
				CODE_SIGN_STYLE = Automatic;
				INFOPLIST_FILE = "UI-229UITests/Info.plist";
				LD_RUNPATH_SEARCH_PATHS = (
					"$(inherited)",
					"@executable_path/Frameworks",
					"@loader_path/Frameworks",
				);
				PRODUCT_BUNDLE_IDENTIFIER = "com.uzu.UI-229UITests";
				PRODUCT_NAME = "$(TARGET_NAME)";
				SWIFT_VERSION = 5.0;
				TARGETED_DEVICE_FAMILY = "1,2";
				TEST_TARGET_NAME = "UI-229";
			};
			name = Release;
		};
/* End XCBuildConfiguration section */

/* Begin XCConfigurationList section */
		6761EA9B2670F38A00CE4A78 /* Build configuration list for PBXProject "UI-229" */ = {
			isa = XCConfigurationList;
			buildConfigurations = (
				6761EAC32670F38B00CE4A78 /* Debug */,
				6761EAC42670F38B00CE4A78 /* Release */,
			);
			defaultConfigurationIsVisible = 0;
			defaultConfigurationName = Release;
		};
		6761EAC52670F38B00CE4A78 /* Build configuration list for PBXNativeTarget "UI-229" */ = {
			isa = XCConfigurationList;
			buildConfigurations = (
				6761EAC62670F38B00CE4A78 /* Debug */,
				6761EAC72670F38B00CE4A78 /* Release */,
			);
			defaultConfigurationIsVisible = 0;
			defaultConfigurationName = Release;
		};
		6761EAC82670F38B00CE4A78 /* Build configuration list for PBXNativeTarget "UI-229Tests" */ = {
			isa = XCConfigurationList;
			buildConfigurations = (
				6761EAC92670F38B00CE4A78 /* Debug */,
				6761EACA2670F38B00CE4A78 /* Release */,
			);
			defaultConfigurationIsVisible = 0;
			defaultConfigurationName = Release;
		};
		6761EACB2670F38B00CE4A78 /* Build configuration list for PBXNativeTarget "UI-229UITests" */ = {
			isa = XCConfigurationList;
			buildConfigurations = (
				6761EACC2670F38B00CE4A78 /* Debug */,
				6761EACD2670F38B00CE4A78 /* Release */,
			);
			defaultConfigurationIsVisible = 0;
			defaultConfigurationName = Release;
		};
/* End XCConfigurationList section */
	};
	rootObject = 6761EA982670F38A00CE4A78 /* Project object */;
}
